
Microsoft Visual Studio Solution File, Format Version 12.00
# Visual Studio Version 16
VisualStudioVersion = 16.0.29709.97
MinimumVisualStudioVersion = 10.0.40219.1
Project("{9A19103F-16F7-4668-BE54-9A1E7A4F7556}") = "MockAcquiringBank", "MockAcquiringBank\MockAcquiringBank.csproj", "{180CED95-1D5F-445E-9689-EB5B446FA178}"
EndProject
Project("{9A19103F-16F7-4668-BE54-9A1E7A4F7556}") = "PaymentGateway", "PaymentGateway\PaymentGateway.csproj", "{76C2A607-8E4F-44D7-9BE5-976A97753C52}"
EndProject
Project("{2150E333-8FDC-42A3-9474-1A3956D46DE8}") = "Contexts", "Contexts", "{247E538F-E706-42C7-B74F-28714598D3AA}"
EndProject
Project("{2150E333-8FDC-42A3-9474-1A3956D46DE8}") = "APIs", "APIs", "{79163B30-B8DF-4144-898E-B15B6BC67607}"
EndProject
Project("{2150E333-8FDC-42A3-9474-1A3956D46DE8}") = "Models", "Models", "{D98532CE-050D-495A-BEDA-1828078725E4}"
EndProject
Project("{9A19103F-16F7-4668-BE54-9A1E7A4F7556}") = "PaymentGatewayDbContext", "PaymentGatewayDbContext\PaymentGatewayDbContext.csproj", "{F62070E0-0B3B-483A-B735-F98630BD7351}"
EndProject
Project("{9A19103F-16F7-4668-BE54-9A1E7A4F7556}") = "MerchantDbContext", "MerchantDbContext\MerchantDbContext.csproj", "{5042B5F9-28FA-4F8A-95E6-61586211268C}"
EndProject
Project("{FAE04EC0-301F-11D3-BF4B-00C04F79EFBC}") = "PaymentGatewayModels", "PaymentGatewayModels\PaymentGatewayModels.csproj", "{7684838C-E988-4D85-A922-F11630B60CC5}"
EndProject
Project("{FAE04EC0-301F-11D3-BF4B-00C04F79EFBC}") = "MerchantModels", "MerchantModels\MerchantModels.csproj", "{2D15237B-A5CD-4220-86B7-42481F0ECF7B}"
EndProject
Project("{2150E333-8FDC-42A3-9474-1A3956D46DE8}") = "Repositories", "Repositories", "{DA8F1A98-C765-4CA6-8210-408C8CD7A045}"
EndProject
Project("{FAE04EC0-301F-11D3-BF4B-00C04F79EFBC}") = "PaymentGatewayRepository", "PaymentGatewayRepository\PaymentGatewayRepository.csproj", "{FBA30FF1-00C1-406B-97F8-08A9E6313042}"
EndProject
Project("{FAE04EC0-301F-11D3-BF4B-00C04F79EFBC}") = "MerchantRepository", "MerchantRepository\MerchantRepository.csproj", "{6FD2EAC6-C46B-49BE-A7AB-BA8272766DDC}"
EndProject
Project("{2150E333-8FDC-42A3-9474-1A3956D46DE8}") = "SharedResources", "SharedResources", "{FC44B840-5791-4795-8C78-3F4223AD3CBA}"
EndProject
Project("{FAE04EC0-301F-11D3-BF4B-00C04F79EFBC}") = "SharedResource", "SharedResource\SharedResource.csproj", "{9821204B-C47C-4057-9E21-69D24FC8237E}"
EndProject
Global
	GlobalSection(SolutionConfigurationPlatforms) = preSolution
		Debug|Any CPU = Debug|Any CPU
		Release|Any CPU = Release|Any CPU
	EndGlobalSection
	GlobalSection(ProjectConfigurationPlatforms) = postSolution
		{180CED95-1D5F-445E-9689-EB5B446FA178}.Debug|Any CPU.ActiveCfg = Debug|Any CPU
		{180CED95-1D5F-445E-9689-EB5B446FA178}.Debug|Any CPU.Build.0 = Debug|Any CPU
		{180CED95-1D5F-445E-9689-EB5B446FA178}.Release|Any CPU.ActiveCfg = Release|Any CPU
		{180CED95-1D5F-445E-9689-EB5B446FA178}.Release|Any CPU.Build.0 = Release|Any CPU
		{76C2A607-8E4F-44D7-9BE5-976A97753C52}.Debug|Any CPU.ActiveCfg = Debug|Any CPU
		{76C2A607-8E4F-44D7-9BE5-976A97753C52}.Debug|Any CPU.Build.0 = Debug|Any CPU
		{76C2A607-8E4F-44D7-9BE5-976A97753C52}.Release|Any CPU.ActiveCfg = Release|Any CPU
		{76C2A607-8E4F-44D7-9BE5-976A97753C52}.Release|Any CPU.Build.0 = Release|Any CPU
		{F62070E0-0B3B-483A-B735-F98630BD7351}.Debug|Any CPU.ActiveCfg = Debug|Any CPU
		{F62070E0-0B3B-483A-B735-F98630BD7351}.Debug|Any CPU.Build.0 = Debug|Any CPU
		{F62070E0-0B3B-483A-B735-F98630BD7351}.Release|Any CPU.ActiveCfg = Release|Any CPU
		{F62070E0-0B3B-483A-B735-F98630BD7351}.Release|Any CPU.Build.0 = Release|Any CPU
		{5042B5F9-28FA-4F8A-95E6-61586211268C}.Debug|Any CPU.ActiveCfg = Debug|Any CPU
		{5042B5F9-28FA-4F8A-95E6-61586211268C}.Debug|Any CPU.Build.0 = Debug|Any CPU
		{5042B5F9-28FA-4F8A-95E6-61586211268C}.Release|Any CPU.ActiveCfg = Release|Any CPU
		{5042B5F9-28FA-4F8A-95E6-61586211268C}.Release|Any CPU.Build.0 = Release|Any CPU
		{7684838C-E988-4D85-A922-F11630B60CC5}.Debug|Any CPU.ActiveCfg = Debug|Any CPU
		{7684838C-E988-4D85-A922-F11630B60CC5}.Debug|Any CPU.Build.0 = Debug|Any CPU
		{7684838C-E988-4D85-A922-F11630B60CC5}.Release|Any CPU.ActiveCfg = Release|Any CPU
		{7684838C-E988-4D85-A922-F11630B60CC5}.Release|Any CPU.Build.0 = Release|Any CPU
		{2D15237B-A5CD-4220-86B7-42481F0ECF7B}.Debug|Any CPU.ActiveCfg = Debug|Any CPU
		{2D15237B-A5CD-4220-86B7-42481F0ECF7B}.Debug|Any CPU.Build.0 = Debug|Any CPU
		{2D15237B-A5CD-4220-86B7-42481F0ECF7B}.Release|Any CPU.ActiveCfg = Release|Any CPU
		{2D15237B-A5CD-4220-86B7-42481F0ECF7B}.Release|Any CPU.Build.0 = Release|Any CPU
		{FBA30FF1-00C1-406B-97F8-08A9E6313042}.Debug|Any CPU.ActiveCfg = Debug|Any CPU
		{FBA30FF1-00C1-406B-97F8-08A9E6313042}.Debug|Any CPU.Build.0 = Debug|Any CPU
		{FBA30FF1-00C1-406B-97F8-08A9E6313042}.Release|Any CPU.ActiveCfg = Release|Any CPU
		{FBA30FF1-00C1-406B-97F8-08A9E6313042}.Release|Any CPU.Build.0 = Release|Any CPU
		{6FD2EAC6-C46B-49BE-A7AB-BA8272766DDC}.Debug|Any CPU.ActiveCfg = Debug|Any CPU
		{6FD2EAC6-C46B-49BE-A7AB-BA8272766DDC}.Debug|Any CPU.Build.0 = Debug|Any CPU
		{6FD2EAC6-C46B-49BE-A7AB-BA8272766DDC}.Release|Any CPU.ActiveCfg = Release|Any CPU
		{6FD2EAC6-C46B-49BE-A7AB-BA8272766DDC}.Release|Any CPU.Build.0 = Release|Any CPU
		{9821204B-C47C-4057-9E21-69D24FC8237E}.Debug|Any CPU.ActiveCfg = Debug|Any CPU
		{9821204B-C47C-4057-9E21-69D24FC8237E}.Debug|Any CPU.Build.0 = Debug|Any CPU
		{9821204B-C47C-4057-9E21-69D24FC8237E}.Release|Any CPU.ActiveCfg = Release|Any CPU
		{9821204B-C47C-4057-9E21-69D24FC8237E}.Release|Any CPU.Build.0 = Release|Any CPU
	EndGlobalSection
	GlobalSection(SolutionProperties) = preSolution
		HideSolutionNode = FALSE
	EndGlobalSection
	GlobalSection(NestedProjects) = preSolution
		{180CED95-1D5F-445E-9689-EB5B446FA178} = {79163B30-B8DF-4144-898E-B15B6BC67607}
		{76C2A607-8E4F-44D7-9BE5-976A97753C52} = {79163B30-B8DF-4144-898E-B15B6BC67607}
		{F62070E0-0B3B-483A-B735-F98630BD7351} = {247E538F-E706-42C7-B74F-28714598D3AA}
		{5042B5F9-28FA-4F8A-95E6-61586211268C} = {247E538F-E706-42C7-B74F-28714598D3AA}
		{7684838C-E988-4D85-A922-F11630B60CC5} = {D98532CE-050D-495A-BEDA-1828078725E4}
		{2D15237B-A5CD-4220-86B7-42481F0ECF7B} = {D98532CE-050D-495A-BEDA-1828078725E4}
		{FBA30FF1-00C1-406B-97F8-08A9E6313042} = {DA8F1A98-C765-4CA6-8210-408C8CD7A045}
		{6FD2EAC6-C46B-49BE-A7AB-BA8272766DDC} = {DA8F1A98-C765-4CA6-8210-408C8CD7A045}
		{9821204B-C47C-4057-9E21-69D24FC8237E} = {FC44B840-5791-4795-8C78-3F4223AD3CBA}
	EndGlobalSection
	GlobalSection(ExtensibilityGlobals) = postSolution
		SolutionGuid = {003C20E6-E467-4145-BF8C-77065E7F2212}
	EndGlobalSection
EndGlobal
